
Microsoft Visual Studio Solution File, Format Version 12.00
# Visual Studio Version 17
VisualStudioVersion = 17.4.33122.133
MinimumVisualStudioVersion = 10.0.40219.1
Project("{FAE04EC0-301F-11D3-BF4B-00C04F79EFBC}") = "ALP Pong", "ALP Pong\ALP Pong.csproj", "{0148021E-FC60-4858-8B35-7C8C8B2F8A00}"
EndProject
Global
	GlobalSection(SolutionConfigurationPlatforms) = preSolution
		Debug|Any CPU = Debug|Any CPU
		Release|Any CPU = Release|Any CPU
	EndGlobalSection
	GlobalSection(ProjectConfigurationPlatforms) = postSolution
		{0148021E-FC60-4858-8B35-7C8C8B2F8A00}.Debug|Any CPU.ActiveCfg = Debug|Any CPU
		{0148021E-FC60-4858-8B35-7C8C8B2F8A00}.Debug|Any CPU.Build.0 = Debug|Any CPU
		{0148021E-FC60-4858-8B35-7C8C8B2F8A00}.Release|Any CPU.ActiveCfg = Release|Any CPU
		{0148021E-FC60-4858-8B35-7C8C8B2F8A00}.Release|Any CPU.Build.0 = Release|Any CPU
	EndGlobalSection
	GlobalSection(SolutionProperties) = preSolution
		HideSolutionNode = FALSE
	EndGlobalSection
	GlobalSection(ExtensibilityGlobals) = postSolution
		SolutionGuid = {5E92C408-CE2C-4C87-8A83-46561FCCA609}
	EndGlobalSection
EndGlobal
